
Microsoft Visual Studio Solution File, Format Version 12.00
# Visual Studio Version 16
VisualStudioVersion = 16.0.29709.97
MinimumVisualStudioVersion = 10.0.40219.1
Project("{2150E333-8FDC-42A3-9474-1A3956D46DE8}") = "src", "src", "{708E822E-DBB3-438B-A0F3-EC6F1E5894AE}"
EndProject
Project("{9A19103F-16F7-4668-BE54-9A1E7A4F7556}") = "Api", "src\Api\Api.csproj", "{D52E7E3F-47F5-490E-A55D-F12B5DDDAA53}"
EndProject
Project("{2150E333-8FDC-42A3-9474-1A3956D46DE8}") = "Solutions Items", "Solutions Items", "{A910D491-8DDC-4B7A-93CA-7DD6A455463F}"
	ProjectSection(SolutionItems) = preProject
		Solutions Items\EF Command.txt = Solutions Items\EF Command.txt
	EndProjectSection
EndProject
Project("{9A19103F-16F7-4668-BE54-9A1E7A4F7556}") = "ApplicationCore", "src\ApplicationCore\ApplicationCore.csproj", "{DF43D770-285B-4C05-91C6-84B1D4311638}"
EndProject
Project("{9A19103F-16F7-4668-BE54-9A1E7A4F7556}") = "Infrastructure", "src\Infrastructure\Infrastructure.csproj", "{0022F61B-3D68-4A1E-8B1E-AE98F2D26586}"
EndProject
Global
	GlobalSection(SolutionConfigurationPlatforms) = preSolution
		Debug|Any CPU = Debug|Any CPU
		Release|Any CPU = Release|Any CPU
	EndGlobalSection
	GlobalSection(ProjectConfigurationPlatforms) = postSolution
		{D52E7E3F-47F5-490E-A55D-F12B5DDDAA53}.Debug|Any CPU.ActiveCfg = Debug|Any CPU
		{D52E7E3F-47F5-490E-A55D-F12B5DDDAA53}.Debug|Any CPU.Build.0 = Debug|Any CPU
		{D52E7E3F-47F5-490E-A55D-F12B5DDDAA53}.Release|Any CPU.ActiveCfg = Release|Any CPU
		{D52E7E3F-47F5-490E-A55D-F12B5DDDAA53}.Release|Any CPU.Build.0 = Release|Any CPU
		{DF43D770-285B-4C05-91C6-84B1D4311638}.Debug|Any CPU.ActiveCfg = Debug|Any CPU
		{DF43D770-285B-4C05-91C6-84B1D4311638}.Debug|Any CPU.Build.0 = Debug|Any CPU
		{DF43D770-285B-4C05-91C6-84B1D4311638}.Release|Any CPU.ActiveCfg = Release|Any CPU
		{DF43D770-285B-4C05-91C6-84B1D4311638}.Release|Any CPU.Build.0 = Release|Any CPU
		{0022F61B-3D68-4A1E-8B1E-AE98F2D26586}.Debug|Any CPU.ActiveCfg = Debug|Any CPU
		{0022F61B-3D68-4A1E-8B1E-AE98F2D26586}.Debug|Any CPU.Build.0 = Debug|Any CPU
		{0022F61B-3D68-4A1E-8B1E-AE98F2D26586}.Release|Any CPU.ActiveCfg = Release|Any CPU
		{0022F61B-3D68-4A1E-8B1E-AE98F2D26586}.Release|Any CPU.Build.0 = Release|Any CPU
	EndGlobalSection
	GlobalSection(SolutionProperties) = preSolution
		HideSolutionNode = FALSE
	EndGlobalSection
	GlobalSection(NestedProjects) = preSolution
		{D52E7E3F-47F5-490E-A55D-F12B5DDDAA53} = {708E822E-DBB3-438B-A0F3-EC6F1E5894AE}
		{DF43D770-285B-4C05-91C6-84B1D4311638} = {708E822E-DBB3-438B-A0F3-EC6F1E5894AE}
		{0022F61B-3D68-4A1E-8B1E-AE98F2D26586} = {708E822E-DBB3-438B-A0F3-EC6F1E5894AE}
	EndGlobalSection
	GlobalSection(ExtensibilityGlobals) = postSolution
		SolutionGuid = {7D418EBF-6627-40A3-AD6E-D474C955D3A6}
	EndGlobalSection
EndGlobal
