
Microsoft Visual Studio Solution File, Format Version 12.00
# Visual Studio Version 16
VisualStudioVersion = 16.0.29709.97
MinimumVisualStudioVersion = 10.0.40219.1
Project("{2150E333-8FDC-42A3-9474-1A3956D46DE8}") = "src", "src", "{708E822E-DBB3-438B-A0F3-EC6F1E5894AE}"
EndProject
Project("{9A19103F-16F7-4668-BE54-9A1E7A4F7556}") = "Api", "src\Api\Api.csproj", "{D52E7E3F-47F5-490E-A55D-F12B5DDDAA53}"
EndProject
Project("{2150E333-8FDC-42A3-9474-1A3956D46DE8}") = "Solutions Items", "Solutions Items", "{A910D491-8DDC-4B7A-93CA-7DD6A455463F}"
	ProjectSection(SolutionItems) = preProject
		Solutions Items\EF Command.txt = Solutions Items\EF Command.txt
		..\README.md = ..\README.md
	EndProjectSection
EndProject
Project("{9A19103F-16F7-4668-BE54-9A1E7A4F7556}") = "ApplicationCore", "src\ApplicationCore\ApplicationCore.csproj", "{DF43D770-285B-4C05-91C6-84B1D4311638}"
EndProject
Project("{9A19103F-16F7-4668-BE54-9A1E7A4F7556}") = "Infrastructure", "src\Infrastructure\Infrastructure.csproj", "{0022F61B-3D68-4A1E-8B1E-AE98F2D26586}"
EndProject
Project("{2150E333-8FDC-42A3-9474-1A3956D46DE8}") = "Tests", "Tests", "{1E1CE0BC-1665-402F-A9C5-8AA05E33FFD4}"
EndProject
Project("{2150E333-8FDC-42A3-9474-1A3956D46DE8}") = "Integration tests", "Integration tests", "{2562E886-2A72-47AA-AD4C-D1BA21056E4E}"
EndProject
Project("{2150E333-8FDC-42A3-9474-1A3956D46DE8}") = "Unit tests", "Unit tests", "{5DE81525-7945-412E-A7C1-ACC2C7094226}"
EndProject
Project("{9A19103F-16F7-4668-BE54-9A1E7A4F7556}") = "Api.IntegrationTests", "tests\Integration Tests\Api.IntegrationTests\Api.IntegrationTests.csproj", "{EB9CA021-CC5A-4743-869A-2AFF6ACA9D66}"
EndProject
Project("{9A19103F-16F7-4668-BE54-9A1E7A4F7556}") = "Api.UnitTests", "tests\Unit tests\Api.UnitTests\Api.UnitTests.csproj", "{619BA22F-CB1A-433B-8771-FC0E2D6332ED}"
EndProject
Project("{9A19103F-16F7-4668-BE54-9A1E7A4F7556}") = "ApplicationCore.UnitTests", "tests\Unit tests\ApplicationCore.UnitTests\ApplicationCore.UnitTests.csproj", "{8A328C18-046E-4501-96C1-A140F039665F}"
EndProject
Project("{9A19103F-16F7-4668-BE54-9A1E7A4F7556}") = "Infrastructure.UnitTests", "tests\Unit tests\Infrastructure.UnitTests\Infrastructure.UnitTests.csproj", "{F0D68C40-D963-4123-8FAC-684E08AABE55}"
EndProject
Project("{FAE04EC0-301F-11D3-BF4B-00C04F79EFBC}") = "Client.SDK", "src\Client.SDK\Client.SDK.csproj", "{3EFDE50A-AE18-42EE-B3CF-BA9E4634E206}"
EndProject
Global
	GlobalSection(SolutionConfigurationPlatforms) = preSolution
		Debug|Any CPU = Debug|Any CPU
		Release|Any CPU = Release|Any CPU
	EndGlobalSection
	GlobalSection(ProjectConfigurationPlatforms) = postSolution
		{D52E7E3F-47F5-490E-A55D-F12B5DDDAA53}.Debug|Any CPU.ActiveCfg = Debug|Any CPU
		{D52E7E3F-47F5-490E-A55D-F12B5DDDAA53}.Debug|Any CPU.Build.0 = Debug|Any CPU
		{D52E7E3F-47F5-490E-A55D-F12B5DDDAA53}.Release|Any CPU.ActiveCfg = Release|Any CPU
		{D52E7E3F-47F5-490E-A55D-F12B5DDDAA53}.Release|Any CPU.Build.0 = Release|Any CPU
		{DF43D770-285B-4C05-91C6-84B1D4311638}.Debug|Any CPU.ActiveCfg = Debug|Any CPU
		{DF43D770-285B-4C05-91C6-84B1D4311638}.Debug|Any CPU.Build.0 = Debug|Any CPU
		{DF43D770-285B-4C05-91C6-84B1D4311638}.Release|Any CPU.ActiveCfg = Release|Any CPU
		{DF43D770-285B-4C05-91C6-84B1D4311638}.Release|Any CPU.Build.0 = Release|Any CPU
		{0022F61B-3D68-4A1E-8B1E-AE98F2D26586}.Debug|Any CPU.ActiveCfg = Debug|Any CPU
		{0022F61B-3D68-4A1E-8B1E-AE98F2D26586}.Debug|Any CPU.Build.0 = Debug|Any CPU
		{0022F61B-3D68-4A1E-8B1E-AE98F2D26586}.Release|Any CPU.ActiveCfg = Release|Any CPU
		{0022F61B-3D68-4A1E-8B1E-AE98F2D26586}.Release|Any CPU.Build.0 = Release|Any CPU
		{EB9CA021-CC5A-4743-869A-2AFF6ACA9D66}.Debug|Any CPU.ActiveCfg = Debug|Any CPU
		{EB9CA021-CC5A-4743-869A-2AFF6ACA9D66}.Debug|Any CPU.Build.0 = Debug|Any CPU
		{EB9CA021-CC5A-4743-869A-2AFF6ACA9D66}.Release|Any CPU.ActiveCfg = Release|Any CPU
		{EB9CA021-CC5A-4743-869A-2AFF6ACA9D66}.Release|Any CPU.Build.0 = Release|Any CPU
		{619BA22F-CB1A-433B-8771-FC0E2D6332ED}.Debug|Any CPU.ActiveCfg = Debug|Any CPU
		{619BA22F-CB1A-433B-8771-FC0E2D6332ED}.Debug|Any CPU.Build.0 = Debug|Any CPU
		{619BA22F-CB1A-433B-8771-FC0E2D6332ED}.Release|Any CPU.ActiveCfg = Release|Any CPU
		{619BA22F-CB1A-433B-8771-FC0E2D6332ED}.Release|Any CPU.Build.0 = Release|Any CPU
		{8A328C18-046E-4501-96C1-A140F039665F}.Debug|Any CPU.ActiveCfg = Debug|Any CPU
		{8A328C18-046E-4501-96C1-A140F039665F}.Debug|Any CPU.Build.0 = Debug|Any CPU
		{8A328C18-046E-4501-96C1-A140F039665F}.Release|Any CPU.ActiveCfg = Release|Any CPU
		{8A328C18-046E-4501-96C1-A140F039665F}.Release|Any CPU.Build.0 = Release|Any CPU
		{F0D68C40-D963-4123-8FAC-684E08AABE55}.Debug|Any CPU.ActiveCfg = Debug|Any CPU
		{F0D68C40-D963-4123-8FAC-684E08AABE55}.Debug|Any CPU.Build.0 = Debug|Any CPU
		{F0D68C40-D963-4123-8FAC-684E08AABE55}.Release|Any CPU.ActiveCfg = Release|Any CPU
		{F0D68C40-D963-4123-8FAC-684E08AABE55}.Release|Any CPU.Build.0 = Release|Any CPU
		{3EFDE50A-AE18-42EE-B3CF-BA9E4634E206}.Debug|Any CPU.ActiveCfg = Debug|Any CPU
		{3EFDE50A-AE18-42EE-B3CF-BA9E4634E206}.Debug|Any CPU.Build.0 = Debug|Any CPU
		{3EFDE50A-AE18-42EE-B3CF-BA9E4634E206}.Release|Any CPU.ActiveCfg = Release|Any CPU
		{3EFDE50A-AE18-42EE-B3CF-BA9E4634E206}.Release|Any CPU.Build.0 = Release|Any CPU
	EndGlobalSection
	GlobalSection(SolutionProperties) = preSolution
		HideSolutionNode = FALSE
	EndGlobalSection
	GlobalSection(NestedProjects) = preSolution
		{D52E7E3F-47F5-490E-A55D-F12B5DDDAA53} = {708E822E-DBB3-438B-A0F3-EC6F1E5894AE}
		{DF43D770-285B-4C05-91C6-84B1D4311638} = {708E822E-DBB3-438B-A0F3-EC6F1E5894AE}
		{0022F61B-3D68-4A1E-8B1E-AE98F2D26586} = {708E822E-DBB3-438B-A0F3-EC6F1E5894AE}
		{2562E886-2A72-47AA-AD4C-D1BA21056E4E} = {1E1CE0BC-1665-402F-A9C5-8AA05E33FFD4}
		{5DE81525-7945-412E-A7C1-ACC2C7094226} = {1E1CE0BC-1665-402F-A9C5-8AA05E33FFD4}
		{EB9CA021-CC5A-4743-869A-2AFF6ACA9D66} = {2562E886-2A72-47AA-AD4C-D1BA21056E4E}
		{619BA22F-CB1A-433B-8771-FC0E2D6332ED} = {5DE81525-7945-412E-A7C1-ACC2C7094226}
		{8A328C18-046E-4501-96C1-A140F039665F} = {5DE81525-7945-412E-A7C1-ACC2C7094226}
		{F0D68C40-D963-4123-8FAC-684E08AABE55} = {5DE81525-7945-412E-A7C1-ACC2C7094226}
		{3EFDE50A-AE18-42EE-B3CF-BA9E4634E206} = {708E822E-DBB3-438B-A0F3-EC6F1E5894AE}
	EndGlobalSection
	GlobalSection(ExtensibilityGlobals) = postSolution
		SolutionGuid = {7D418EBF-6627-40A3-AD6E-D474C955D3A6}
	EndGlobalSection
EndGlobal
